
Microsoft Visual Studio Solution File, Format Version 12.00
# Visual Studio Version 17
VisualStudioVersion = 17.13.35931.197 d17.13
MinimumVisualStudioVersion = 10.0.40219.1
Project("{FAE04EC0-301F-11D3-BF4B-00C04F79EFBC}") = "InfluenzaAPI", "InfluenzaAPI\InfluenzaAPI.csproj", "{0BC7FC8D-1CF3-4D3E-B70D-9DF7169B2E7F}"
EndProject
Global
	GlobalSection(SolutionConfigurationPlatforms) = preSolution
		Debug|Any CPU = Debug|Any CPU
		Release|Any CPU = Release|Any CPU
	EndGlobalSection
	GlobalSection(ProjectConfigurationPlatforms) = postSolution
		{0BC7FC8D-1CF3-4D3E-B70D-9DF7169B2E7F}.Debug|Any CPU.ActiveCfg = Debug|Any CPU
		{0BC7FC8D-1CF3-4D3E-B70D-9DF7169B2E7F}.Debug|Any CPU.Build.0 = Debug|Any CPU
		{0BC7FC8D-1CF3-4D3E-B70D-9DF7169B2E7F}.Release|Any CPU.ActiveCfg = Release|Any CPU
		{0BC7FC8D-1CF3-4D3E-B70D-9DF7169B2E7F}.Release|Any CPU.Build.0 = Release|Any CPU
	EndGlobalSection
	GlobalSection(SolutionProperties) = preSolution
		HideSolutionNode = FALSE
	EndGlobalSection
	GlobalSection(ExtensibilityGlobals) = postSolution
		SolutionGuid = {23FCF46C-E0ED-4F46-87B1-92EB44A2E134}
	EndGlobalSection
EndGlobal
